
Microsoft Visual Studio Solution File, Format Version 12.00
# Visual Studio Version 17
VisualStudioVersion = 17.7.34221.43
MinimumVisualStudioVersion = 10.0.40219.1
Project("{2150E333-8FDC-42A3-9474-1A3956D46DE8}") = "src", "src", "{68FBE68F-2CF4-49C2-8359-344445BF32CB}"
EndProject
Project("{2150E333-8FDC-42A3-9474-1A3956D46DE8}") = "tests", "tests", "{2392F1D7-2A24-4432-9CF9-9D66452D800C}"
EndProject
Project("{9A19103F-16F7-4668-BE54-9A1E7A4F7556}") = "TAB.Domain", "src\TAB.Domain\TAB.Domain.csproj", "{FFCD1C24-5214-4D83-B811-7BC5335C3ECB}"
EndProject
Project("{9A19103F-16F7-4668-BE54-9A1E7A4F7556}") = "TAB.Application", "src\TAB.Application\TAB.Application.csproj", "{ED4BEFFE-E5F6-4D1B-B54B-B5DF415BE057}"
EndProject
Project("{9A19103F-16F7-4668-BE54-9A1E7A4F7556}") = "TAB.Infrastructure", "src\TAB.Infrastructure\TAB.Infrastructure.csproj", "{C61BB015-F31C-4F36-9F65-97F5FB6EF175}"
EndProject
Project("{9A19103F-16F7-4668-BE54-9A1E7A4F7556}") = "TAB.Persistence", "src\TAB.Persistence\TAB.Persistence.csproj", "{213A5356-07F7-4EA3-8AB6-D3C614B3C8A9}"
EndProject
Project("{9A19103F-16F7-4668-BE54-9A1E7A4F7556}") = "TAB.WebApi", "src\TAB.WebApi\TAB.WebApi.csproj", "{D25C5B43-BBA9-4A9C-8D49-C5EE46BCD8F3}"
EndProject
Project("{9A19103F-16F7-4668-BE54-9A1E7A4F7556}") = "Application.UnitTests", "tests\Application.UnitTests\Application.UnitTests.csproj", "{59E74035-197A-4EAF-98DE-8D12E8D7F363}"
EndProject
Project("{9A19103F-16F7-4668-BE54-9A1E7A4F7556}") = "TAB.Contracts", "src\TAB.Contracts\TAB.Contracts.csproj", "{1A1DB867-899A-4BD3-AB99-9C96B4AD7DA9}"
EndProject
Project("{E53339B2-1760-4266-BCC7-CA923CBCF16C}") = "docker-compose", "docker-compose.dcproj", "{6518A448-0888-4B5C-B3B1-DD7D7FFF20A3}"
EndProject
Global
	GlobalSection(SolutionConfigurationPlatforms) = preSolution
		Debug|Any CPU = Debug|Any CPU
		Release|Any CPU = Release|Any CPU
	EndGlobalSection
	GlobalSection(ProjectConfigurationPlatforms) = postSolution
		{FFCD1C24-5214-4D83-B811-7BC5335C3ECB}.Debug|Any CPU.ActiveCfg = Debug|Any CPU
		{FFCD1C24-5214-4D83-B811-7BC5335C3ECB}.Debug|Any CPU.Build.0 = Debug|Any CPU
		{FFCD1C24-5214-4D83-B811-7BC5335C3ECB}.Release|Any CPU.ActiveCfg = Release|Any CPU
		{FFCD1C24-5214-4D83-B811-7BC5335C3ECB}.Release|Any CPU.Build.0 = Release|Any CPU
		{ED4BEFFE-E5F6-4D1B-B54B-B5DF415BE057}.Debug|Any CPU.ActiveCfg = Debug|Any CPU
		{ED4BEFFE-E5F6-4D1B-B54B-B5DF415BE057}.Debug|Any CPU.Build.0 = Debug|Any CPU
		{ED4BEFFE-E5F6-4D1B-B54B-B5DF415BE057}.Release|Any CPU.ActiveCfg = Release|Any CPU
		{ED4BEFFE-E5F6-4D1B-B54B-B5DF415BE057}.Release|Any CPU.Build.0 = Release|Any CPU
		{C61BB015-F31C-4F36-9F65-97F5FB6EF175}.Debug|Any CPU.ActiveCfg = Debug|Any CPU
		{C61BB015-F31C-4F36-9F65-97F5FB6EF175}.Debug|Any CPU.Build.0 = Debug|Any CPU
		{C61BB015-F31C-4F36-9F65-97F5FB6EF175}.Release|Any CPU.ActiveCfg = Release|Any CPU
		{C61BB015-F31C-4F36-9F65-97F5FB6EF175}.Release|Any CPU.Build.0 = Release|Any CPU
		{213A5356-07F7-4EA3-8AB6-D3C614B3C8A9}.Debug|Any CPU.ActiveCfg = Debug|Any CPU
		{213A5356-07F7-4EA3-8AB6-D3C614B3C8A9}.Debug|Any CPU.Build.0 = Debug|Any CPU
		{213A5356-07F7-4EA3-8AB6-D3C614B3C8A9}.Release|Any CPU.ActiveCfg = Release|Any CPU
		{213A5356-07F7-4EA3-8AB6-D3C614B3C8A9}.Release|Any CPU.Build.0 = Release|Any CPU
		{D25C5B43-BBA9-4A9C-8D49-C5EE46BCD8F3}.Debug|Any CPU.ActiveCfg = Debug|Any CPU
		{D25C5B43-BBA9-4A9C-8D49-C5EE46BCD8F3}.Debug|Any CPU.Build.0 = Debug|Any CPU
		{D25C5B43-BBA9-4A9C-8D49-C5EE46BCD8F3}.Release|Any CPU.ActiveCfg = Release|Any CPU
		{D25C5B43-BBA9-4A9C-8D49-C5EE46BCD8F3}.Release|Any CPU.Build.0 = Release|Any CPU
		{59E74035-197A-4EAF-98DE-8D12E8D7F363}.Debug|Any CPU.ActiveCfg = Debug|Any CPU
		{59E74035-197A-4EAF-98DE-8D12E8D7F363}.Debug|Any CPU.Build.0 = Debug|Any CPU
		{59E74035-197A-4EAF-98DE-8D12E8D7F363}.Release|Any CPU.ActiveCfg = Release|Any CPU
		{59E74035-197A-4EAF-98DE-8D12E8D7F363}.Release|Any CPU.Build.0 = Release|Any CPU
		{1A1DB867-899A-4BD3-AB99-9C96B4AD7DA9}.Debug|Any CPU.ActiveCfg = Debug|Any CPU
		{1A1DB867-899A-4BD3-AB99-9C96B4AD7DA9}.Debug|Any CPU.Build.0 = Debug|Any CPU
		{1A1DB867-899A-4BD3-AB99-9C96B4AD7DA9}.Release|Any CPU.ActiveCfg = Release|Any CPU
		{1A1DB867-899A-4BD3-AB99-9C96B4AD7DA9}.Release|Any CPU.Build.0 = Release|Any CPU
		{6518A448-0888-4B5C-B3B1-DD7D7FFF20A3}.Debug|Any CPU.ActiveCfg = Debug|Any CPU
		{6518A448-0888-4B5C-B3B1-DD7D7FFF20A3}.Debug|Any CPU.Build.0 = Debug|Any CPU
		{6518A448-0888-4B5C-B3B1-DD7D7FFF20A3}.Release|Any CPU.ActiveCfg = Release|Any CPU
		{6518A448-0888-4B5C-B3B1-DD7D7FFF20A3}.Release|Any CPU.Build.0 = Release|Any CPU
	EndGlobalSection
	GlobalSection(SolutionProperties) = preSolution
		HideSolutionNode = FALSE
	EndGlobalSection
	GlobalSection(NestedProjects) = preSolution
		{FFCD1C24-5214-4D83-B811-7BC5335C3ECB} = {68FBE68F-2CF4-49C2-8359-344445BF32CB}
		{ED4BEFFE-E5F6-4D1B-B54B-B5DF415BE057} = {68FBE68F-2CF4-49C2-8359-344445BF32CB}
		{C61BB015-F31C-4F36-9F65-97F5FB6EF175} = {68FBE68F-2CF4-49C2-8359-344445BF32CB}
		{213A5356-07F7-4EA3-8AB6-D3C614B3C8A9} = {68FBE68F-2CF4-49C2-8359-344445BF32CB}
		{D25C5B43-BBA9-4A9C-8D49-C5EE46BCD8F3} = {68FBE68F-2CF4-49C2-8359-344445BF32CB}
		{59E74035-197A-4EAF-98DE-8D12E8D7F363} = {2392F1D7-2A24-4432-9CF9-9D66452D800C}
		{1A1DB867-899A-4BD3-AB99-9C96B4AD7DA9} = {68FBE68F-2CF4-49C2-8359-344445BF32CB}
	EndGlobalSection
	GlobalSection(ExtensibilityGlobals) = postSolution
		SolutionGuid = {76D036E4-2F7C-4935-8373-E19591A2D2E3}
	EndGlobalSection
EndGlobal
